{
  "name": "quant_notes",
  "lockfileVersion": 3,
  "requires": true,
  "packages": {
    "": {
      "dependencies": {
        "babel-plugin-prismjs": "^2.1.0",
        "prismjs": "^1.29.0"
      }
    },
    "node_modules/babel-plugin-prismjs": {
      "version": "2.1.0",
      "resolved": "https://registry.npmjs.org/babel-plugin-prismjs/-/babel-plugin-prismjs-2.1.0.tgz",
      "integrity": "sha512-ehzSKYfeAz4U78zi/sfwsjDPlq0LvDKxNefcZTJ/iKBu+plsHsLqZhUeGf1+82LAcA35UZGbU6ksEx2Utphc/g==",
      "peerDependencies": {
        "prismjs": "^1.18.0"
      }
    },
    "node_modules/prismjs": {
      "version": "1.29.0",
      "resolved": "https://registry.npmjs.org/prismjs/-/prismjs-1.29.0.tgz",
      "integrity": "sha512-Kx/1w86q/epKcmte75LNrEoT+lX8pBpavuAbvJWRXar7Hz8jrtF+e3vY751p0R8H9HdArwaCTNDDzHg/ScJK1Q==",
      "engines": {
        "node": ">=6"
      }
    }
  }
}
